
Microsoft Visual Studio Solution File, Format Version 12.00
# Visual Studio Version 17
VisualStudioVersion = 17.14.37301.10
MinimumVisualStudioVersion = 10.0.40219.1
Project("{FAE04EC0-301F-11D3-BF4B-00C04F79EFBC}") = "decorator", "decorator\decorator.csproj", "{0D65DB9D-082D-479F-9E22-56F8725E556D}"
EndProject
Project("{FAE04EC0-301F-11D3-BF4B-00C04F79EFBC}") = "Memento", "Memento\Memento.csproj", "{A6483689-FAD5-4B5E-842E-C92C84689396}"
EndProject
Project("{FAE04EC0-301F-11D3-BF4B-00C04F79EFBC}") = "adapter", "adapter\adapter.csproj", "{11415833-3A60-4B51-B294-245E93D2DD2F}"
EndProject
Project("{FAE04EC0-301F-11D3-BF4B-00C04F79EFBC}") = "composite", "composite\composite.csproj", "{82D46777-1077-4058-957A-3546362F793A}"
EndProject
Global
	GlobalSection(SolutionConfigurationPlatforms) = preSolution
		Debug|Any CPU = Debug|Any CPU
		Release|Any CPU = Release|Any CPU
	EndGlobalSection
	GlobalSection(ProjectConfigurationPlatforms) = postSolution
		{0D65DB9D-082D-479F-9E22-56F8725E556D}.Debug|Any CPU.ActiveCfg = Debug|Any CPU
		{0D65DB9D-082D-479F-9E22-56F8725E556D}.Debug|Any CPU.Build.0 = Debug|Any CPU
		{0D65DB9D-082D-479F-9E22-56F8725E556D}.Release|Any CPU.ActiveCfg = Release|Any CPU
		{0D65DB9D-082D-479F-9E22-56F8725E556D}.Release|Any CPU.Build.0 = Release|Any CPU
		{A6483689-FAD5-4B5E-842E-C92C84689396}.Debug|Any CPU.ActiveCfg = Debug|Any CPU
		{A6483689-FAD5-4B5E-842E-C92C84689396}.Debug|Any CPU.Build.0 = Debug|Any CPU
		{A6483689-FAD5-4B5E-842E-C92C84689396}.Release|Any CPU.ActiveCfg = Release|Any CPU
		{A6483689-FAD5-4B5E-842E-C92C84689396}.Release|Any CPU.Build.0 = Release|Any CPU
		{11415833-3A60-4B51-B294-245E93D2DD2F}.Debug|Any CPU.ActiveCfg = Debug|Any CPU
		{11415833-3A60-4B51-B294-245E93D2DD2F}.Debug|Any CPU.Build.0 = Debug|Any CPU
		{11415833-3A60-4B51-B294-245E93D2DD2F}.Release|Any CPU.ActiveCfg = Release|Any CPU
		{11415833-3A60-4B51-B294-245E93D2DD2F}.Release|Any CPU.Build.0 = Release|Any CPU
		{82D46777-1077-4058-957A-3546362F793A}.Debug|Any CPU.ActiveCfg = Debug|Any CPU
		{82D46777-1077-4058-957A-3546362F793A}.Debug|Any CPU.Build.0 = Debug|Any CPU
		{82D46777-1077-4058-957A-3546362F793A}.Release|Any CPU.ActiveCfg = Release|Any CPU
		{82D46777-1077-4058-957A-3546362F793A}.Release|Any CPU.Build.0 = Release|Any CPU
	EndGlobalSection
	GlobalSection(SolutionProperties) = preSolution
		HideSolutionNode = FALSE
	EndGlobalSection
	GlobalSection(ExtensibilityGlobals) = postSolution
		SolutionGuid = {E32EA75C-6D6B-4B37-9EA8-C9C873AA46B5}
	EndGlobalSection
EndGlobal
